
Microsoft Visual Studio Solution File, Format Version 12.00
# Visual Studio 15
VisualStudioVersion = 15.0.28307.329
MinimumVisualStudioVersion = 10.0.40219.1
Project("{F184B08F-C81C-45F6-A57F-5ABD9991F28F}") = "BD-pers,masc", "BD-pers,masc\BD-pers,masc.vbproj", "{CEB69F4B-638E-4C07-9185-0B3D39D23C5B}"
EndProject
Global
	GlobalSection(SolutionConfigurationPlatforms) = preSolution
		Debug|Any CPU = Debug|Any CPU
		Release|Any CPU = Release|Any CPU
	EndGlobalSection
	GlobalSection(ProjectConfigurationPlatforms) = postSolution
		{CEB69F4B-638E-4C07-9185-0B3D39D23C5B}.Debug|Any CPU.ActiveCfg = Debug|Any CPU
		{CEB69F4B-638E-4C07-9185-0B3D39D23C5B}.Debug|Any CPU.Build.0 = Debug|Any CPU
		{CEB69F4B-638E-4C07-9185-0B3D39D23C5B}.Release|Any CPU.ActiveCfg = Release|Any CPU
		{CEB69F4B-638E-4C07-9185-0B3D39D23C5B}.Release|Any CPU.Build.0 = Release|Any CPU
	EndGlobalSection
	GlobalSection(SolutionProperties) = preSolution
		HideSolutionNode = FALSE
	EndGlobalSection
	GlobalSection(ExtensibilityGlobals) = postSolution
		SolutionGuid = {78E0EA20-DB2D-450E-A37A-06445DC1BFDA}
	EndGlobalSection
EndGlobal
